
Microsoft Visual Studio Solution File, Format Version 12.00
# Visual Studio Version 17
VisualStudioVersion = 17.0.31903.59
MinimumVisualStudioVersion = 10.0.40219.1
Project("{2150E333-8FDC-42A3-9474-1A3956D46DE8}") = "src", "src", "{827E0CD3-B72D-47B6-A68D-7590B98EB39B}"
EndProject
Project("{FAE04EC0-301F-11D3-BF4B-00C04F79EFBC}") = "ApiMarangatu.WebApi", "src\ApiMarangatu.WebApi\ApiMarangatu.WebApi.csproj", "{9639FBA7-70EC-4DBC-B894-B241603FC74C}"
EndProject
Project("{FAE04EC0-301F-11D3-BF4B-00C04F79EFBC}") = "ApiMarangatu.Application", "src\ApiMarangatu.Application\ApiMarangatu.Application.csproj", "{40A76CDF-711C-46E0-96E2-5C15098D21EB}"
EndProject
Project("{FAE04EC0-301F-11D3-BF4B-00C04F79EFBC}") = "ApiMarangatu.Domain", "src\ApiMarangatu.Domain\ApiMarangatu.Domain.csproj", "{D0DA2C0C-DE6B-4C07-BC12-29CDE7074122}"
EndProject
Project("{FAE04EC0-301F-11D3-BF4B-00C04F79EFBC}") = "ApiMarangatu.Infrastructure", "src\ApiMarangatu.Infrastructure\ApiMarangatu.Infrastructure.csproj", "{291C2D31-6E6C-45BD-B2B6-8563A3364DD3}"
EndProject
Global
	GlobalSection(SolutionConfigurationPlatforms) = preSolution
		Debug|Any CPU = Debug|Any CPU
		Debug|x64 = Debug|x64
		Debug|x86 = Debug|x86
		Release|Any CPU = Release|Any CPU
		Release|x64 = Release|x64
		Release|x86 = Release|x86
	EndGlobalSection
	GlobalSection(ProjectConfigurationPlatforms) = postSolution
		{9639FBA7-70EC-4DBC-B894-B241603FC74C}.Debug|Any CPU.ActiveCfg = Debug|Any CPU
		{9639FBA7-70EC-4DBC-B894-B241603FC74C}.Debug|Any CPU.Build.0 = Debug|Any CPU
		{9639FBA7-70EC-4DBC-B894-B241603FC74C}.Debug|x64.ActiveCfg = Debug|Any CPU
		{9639FBA7-70EC-4DBC-B894-B241603FC74C}.Debug|x64.Build.0 = Debug|Any CPU
		{9639FBA7-70EC-4DBC-B894-B241603FC74C}.Debug|x86.ActiveCfg = Debug|Any CPU
		{9639FBA7-70EC-4DBC-B894-B241603FC74C}.Debug|x86.Build.0 = Debug|Any CPU
		{9639FBA7-70EC-4DBC-B894-B241603FC74C}.Release|Any CPU.ActiveCfg = Release|Any CPU
		{9639FBA7-70EC-4DBC-B894-B241603FC74C}.Release|Any CPU.Build.0 = Release|Any CPU
		{9639FBA7-70EC-4DBC-B894-B241603FC74C}.Release|x64.ActiveCfg = Release|Any CPU
		{9639FBA7-70EC-4DBC-B894-B241603FC74C}.Release|x64.Build.0 = Release|Any CPU
		{9639FBA7-70EC-4DBC-B894-B241603FC74C}.Release|x86.ActiveCfg = Release|Any CPU
		{9639FBA7-70EC-4DBC-B894-B241603FC74C}.Release|x86.Build.0 = Release|Any CPU
		{40A76CDF-711C-46E0-96E2-5C15098D21EB}.Debug|Any CPU.ActiveCfg = Debug|Any CPU
		{40A76CDF-711C-46E0-96E2-5C15098D21EB}.Debug|Any CPU.Build.0 = Debug|Any CPU
		{40A76CDF-711C-46E0-96E2-5C15098D21EB}.Debug|x64.ActiveCfg = Debug|Any CPU
		{40A76CDF-711C-46E0-96E2-5C15098D21EB}.Debug|x64.Build.0 = Debug|Any CPU
		{40A76CDF-711C-46E0-96E2-5C15098D21EB}.Debug|x86.ActiveCfg = Debug|Any CPU
		{40A76CDF-711C-46E0-96E2-5C15098D21EB}.Debug|x86.Build.0 = Debug|Any CPU
		{40A76CDF-711C-46E0-96E2-5C15098D21EB}.Release|Any CPU.ActiveCfg = Release|Any CPU
		{40A76CDF-711C-46E0-96E2-5C15098D21EB}.Release|Any CPU.Build.0 = Release|Any CPU
		{40A76CDF-711C-46E0-96E2-5C15098D21EB}.Release|x64.ActiveCfg = Release|Any CPU
		{40A76CDF-711C-46E0-96E2-5C15098D21EB}.Release|x64.Build.0 = Release|Any CPU
		{40A76CDF-711C-46E0-96E2-5C15098D21EB}.Release|x86.ActiveCfg = Release|Any CPU
		{40A76CDF-711C-46E0-96E2-5C15098D21EB}.Release|x86.Build.0 = Release|Any CPU
		{D0DA2C0C-DE6B-4C07-BC12-29CDE7074122}.Debug|Any CPU.ActiveCfg = Debug|Any CPU
		{D0DA2C0C-DE6B-4C07-BC12-29CDE7074122}.Debug|Any CPU.Build.0 = Debug|Any CPU
		{D0DA2C0C-DE6B-4C07-BC12-29CDE7074122}.Debug|x64.ActiveCfg = Debug|Any CPU
		{D0DA2C0C-DE6B-4C07-BC12-29CDE7074122}.Debug|x64.Build.0 = Debug|Any CPU
		{D0DA2C0C-DE6B-4C07-BC12-29CDE7074122}.Debug|x86.ActiveCfg = Debug|Any CPU
		{D0DA2C0C-DE6B-4C07-BC12-29CDE7074122}.Debug|x86.Build.0 = Debug|Any CPU
		{D0DA2C0C-DE6B-4C07-BC12-29CDE7074122}.Release|Any CPU.ActiveCfg = Release|Any CPU
		{D0DA2C0C-DE6B-4C07-BC12-29CDE7074122}.Release|Any CPU.Build.0 = Release|Any CPU
		{D0DA2C0C-DE6B-4C07-BC12-29CDE7074122}.Release|x64.ActiveCfg = Release|Any CPU
		{D0DA2C0C-DE6B-4C07-BC12-29CDE7074122}.Release|x64.Build.0 = Release|Any CPU
		{D0DA2C0C-DE6B-4C07-BC12-29CDE7074122}.Release|x86.ActiveCfg = Release|Any CPU
		{D0DA2C0C-DE6B-4C07-BC12-29CDE7074122}.Release|x86.Build.0 = Release|Any CPU
		{291C2D31-6E6C-45BD-B2B6-8563A3364DD3}.Debug|Any CPU.ActiveCfg = Debug|Any CPU
		{291C2D31-6E6C-45BD-B2B6-8563A3364DD3}.Debug|Any CPU.Build.0 = Debug|Any CPU
		{291C2D31-6E6C-45BD-B2B6-8563A3364DD3}.Debug|x64.ActiveCfg = Debug|Any CPU
		{291C2D31-6E6C-45BD-B2B6-8563A3364DD3}.Debug|x64.Build.0 = Debug|Any CPU
		{291C2D31-6E6C-45BD-B2B6-8563A3364DD3}.Debug|x86.ActiveCfg = Debug|Any CPU
		{291C2D31-6E6C-45BD-B2B6-8563A3364DD3}.Debug|x86.Build.0 = Debug|Any CPU
		{291C2D31-6E6C-45BD-B2B6-8563A3364DD3}.Release|Any CPU.ActiveCfg = Release|Any CPU
		{291C2D31-6E6C-45BD-B2B6-8563A3364DD3}.Release|Any CPU.Build.0 = Release|Any CPU
		{291C2D31-6E6C-45BD-B2B6-8563A3364DD3}.Release|x64.ActiveCfg = Release|Any CPU
		{291C2D31-6E6C-45BD-B2B6-8563A3364DD3}.Release|x64.Build.0 = Release|Any CPU
		{291C2D31-6E6C-45BD-B2B6-8563A3364DD3}.Release|x86.ActiveCfg = Release|Any CPU
		{291C2D31-6E6C-45BD-B2B6-8563A3364DD3}.Release|x86.Build.0 = Release|Any CPU
	EndGlobalSection
	GlobalSection(SolutionProperties) = preSolution
		HideSolutionNode = FALSE
	EndGlobalSection
	GlobalSection(NestedProjects) = preSolution
		{9639FBA7-70EC-4DBC-B894-B241603FC74C} = {827E0CD3-B72D-47B6-A68D-7590B98EB39B}
		{40A76CDF-711C-46E0-96E2-5C15098D21EB} = {827E0CD3-B72D-47B6-A68D-7590B98EB39B}
		{D0DA2C0C-DE6B-4C07-BC12-29CDE7074122} = {827E0CD3-B72D-47B6-A68D-7590B98EB39B}
		{291C2D31-6E6C-45BD-B2B6-8563A3364DD3} = {827E0CD3-B72D-47B6-A68D-7590B98EB39B}
	EndGlobalSection
EndGlobal
